
Microsoft Visual Studio Solution File, Format Version 12.00
# Visual Studio Version 16
VisualStudioVersion = 16.0.29306.81
MinimumVisualStudioVersion = 10.0.40219.1
Project("{FAE04EC0-301F-11D3-BF4B-00C04F79EFBC}") = "hf08", "hf08\hf08.csproj", "{BA0F9DF7-A6C7-4EB6-8620-BD3C154FD7C9}"
EndProject
Global
	GlobalSection(SolutionConfigurationPlatforms) = preSolution
		Debug|Any CPU = Debug|Any CPU
		Release|Any CPU = Release|Any CPU
	EndGlobalSection
	GlobalSection(ProjectConfigurationPlatforms) = postSolution
		{BA0F9DF7-A6C7-4EB6-8620-BD3C154FD7C9}.Debug|Any CPU.ActiveCfg = Debug|Any CPU
		{BA0F9DF7-A6C7-4EB6-8620-BD3C154FD7C9}.Debug|Any CPU.Build.0 = Debug|Any CPU
		{BA0F9DF7-A6C7-4EB6-8620-BD3C154FD7C9}.Release|Any CPU.ActiveCfg = Release|Any CPU
		{BA0F9DF7-A6C7-4EB6-8620-BD3C154FD7C9}.Release|Any CPU.Build.0 = Release|Any CPU
	EndGlobalSection
	GlobalSection(SolutionProperties) = preSolution
		HideSolutionNode = FALSE
	EndGlobalSection
	GlobalSection(ExtensibilityGlobals) = postSolution
		SolutionGuid = {4F6A5D01-4A8A-40B9-BC98-65415ED064E3}
	EndGlobalSection
EndGlobal
